
Microsoft Visual Studio Solution File, Format Version 12.00
# Visual Studio Version 16
VisualStudioVersion = 16.0.28803.352
MinimumVisualStudioVersion = 10.0.40219.1
Project("{FAE04EC0-301F-11D3-BF4B-00C04F79EFBC}") = "Sales.UWP", "Sales\Sales.UWP\Sales.UWP.csproj", "{0872A463-86F7-4C39-8C0E-F482BAA6D221}"
EndProject
Project("{FAE04EC0-301F-11D3-BF4B-00C04F79EFBC}") = "Sales.Android", "Sales\Sales.Android\Sales.Android.csproj", "{D8AB738C-BE20-42EE-B18B-285D64DE1AE7}"
EndProject
Project("{FAE04EC0-301F-11D3-BF4B-00C04F79EFBC}") = "Sales.iOS", "Sales\Sales.iOS\Sales.iOS.csproj", "{5B50CBB1-25A5-458A-8791-0B0B947A6BA8}"
EndProject
Project("{FAE04EC0-301F-11D3-BF4B-00C04F79EFBC}") = "Sales", "Sales\Sales\Sales.csproj", "{E9299B20-1B35-463F-918A-FF84C5CD0B9F}"
EndProject
Project("{FAE04EC0-301F-11D3-BF4B-00C04F79EFBC}") = "Sales.Backend", "Sales.Backend\Sales.Backend.csproj", "{1504F2B0-27AC-4213-B03D-ED6DF1D68B72}"
EndProject
Project("{FAE04EC0-301F-11D3-BF4B-00C04F79EFBC}") = "Sales.API", "Sales.API\Sales.API.csproj", "{54B21800-D630-4692-9E94-647A236FEA1B}"
EndProject
Project("{FAE04EC0-301F-11D3-BF4B-00C04F79EFBC}") = "Sales.Domain", "Sales.Domain\Sales.Domain.csproj", "{DE6F5C38-9519-4F6F-B64A-E1A520103A91}"
EndProject
Project("{FAE04EC0-301F-11D3-BF4B-00C04F79EFBC}") = "Sales.Common", "Sales.Common\Sales.Common.csproj", "{9F2FB3B6-7C79-4771-BD9D-9D5434352A2B}"
EndProject
Global
	GlobalSection(SolutionConfigurationPlatforms) = preSolution
		Debug|Any CPU = Debug|Any CPU
		Debug|ARM = Debug|ARM
		Debug|iPhone = Debug|iPhone
		Debug|iPhoneSimulator = Debug|iPhoneSimulator
		Debug|x64 = Debug|x64
		Debug|x86 = Debug|x86
		Release|Any CPU = Release|Any CPU
		Release|ARM = Release|ARM
		Release|iPhone = Release|iPhone
		Release|iPhoneSimulator = Release|iPhoneSimulator
		Release|x64 = Release|x64
		Release|x86 = Release|x86
	EndGlobalSection
	GlobalSection(ProjectConfigurationPlatforms) = postSolution
		{0872A463-86F7-4C39-8C0E-F482BAA6D221}.Debug|Any CPU.ActiveCfg = Debug|x86
		{0872A463-86F7-4C39-8C0E-F482BAA6D221}.Debug|Any CPU.Build.0 = Debug|x86
		{0872A463-86F7-4C39-8C0E-F482BAA6D221}.Debug|Any CPU.Deploy.0 = Debug|x86
		{0872A463-86F7-4C39-8C0E-F482BAA6D221}.Debug|ARM.ActiveCfg = Debug|ARM
		{0872A463-86F7-4C39-8C0E-F482BAA6D221}.Debug|ARM.Build.0 = Debug|ARM
		{0872A463-86F7-4C39-8C0E-F482BAA6D221}.Debug|ARM.Deploy.0 = Debug|ARM
		{0872A463-86F7-4C39-8C0E-F482BAA6D221}.Debug|iPhone.ActiveCfg = Debug|x86
		{0872A463-86F7-4C39-8C0E-F482BAA6D221}.Debug|iPhone.Build.0 = Debug|x86
		{0872A463-86F7-4C39-8C0E-F482BAA6D221}.Debug|iPhone.Deploy.0 = Debug|x86
		{0872A463-86F7-4C39-8C0E-F482BAA6D221}.Debug|iPhoneSimulator.ActiveCfg = Debug|x86
		{0872A463-86F7-4C39-8C0E-F482BAA6D221}.Debug|iPhoneSimulator.Build.0 = Debug|x86
		{0872A463-86F7-4C39-8C0E-F482BAA6D221}.Debug|iPhoneSimulator.Deploy.0 = Debug|x86
		{0872A463-86F7-4C39-8C0E-F482BAA6D221}.Debug|x64.ActiveCfg = Debug|x64
		{0872A463-86F7-4C39-8C0E-F482BAA6D221}.Debug|x64.Build.0 = Debug|x64
		{0872A463-86F7-4C39-8C0E-F482BAA6D221}.Debug|x64.Deploy.0 = Debug|x64
		{0872A463-86F7-4C39-8C0E-F482BAA6D221}.Debug|x86.ActiveCfg = Debug|x86
		{0872A463-86F7-4C39-8C0E-F482BAA6D221}.Debug|x86.Build.0 = Debug|x86
		{0872A463-86F7-4C39-8C0E-F482BAA6D221}.Debug|x86.Deploy.0 = Debug|x86
		{0872A463-86F7-4C39-8C0E-F482BAA6D221}.Release|Any CPU.ActiveCfg = Release|x86
		{0872A463-86F7-4C39-8C0E-F482BAA6D221}.Release|Any CPU.Build.0 = Release|x86
		{0872A463-86F7-4C39-8C0E-F482BAA6D221}.Release|Any CPU.Deploy.0 = Release|x86
		{0872A463-86F7-4C39-8C0E-F482BAA6D221}.Release|ARM.ActiveCfg = Release|ARM
		{0872A463-86F7-4C39-8C0E-F482BAA6D221}.Release|ARM.Build.0 = Release|ARM
		{0872A463-86F7-4C39-8C0E-F482BAA6D221}.Release|ARM.Deploy.0 = Release|ARM
		{0872A463-86F7-4C39-8C0E-F482BAA6D221}.Release|iPhone.ActiveCfg = Release|x86
		{0872A463-86F7-4C39-8C0E-F482BAA6D221}.Release|iPhone.Build.0 = Release|x86
		{0872A463-86F7-4C39-8C0E-F482BAA6D221}.Release|iPhone.Deploy.0 = Release|x86
		{0872A463-86F7-4C39-8C0E-F482BAA6D221}.Release|iPhoneSimulator.ActiveCfg = Release|x86
		{0872A463-86F7-4C39-8C0E-F482BAA6D221}.Release|iPhoneSimulator.Build.0 = Release|x86
		{0872A463-86F7-4C39-8C0E-F482BAA6D221}.Release|iPhoneSimulator.Deploy.0 = Release|x86
		{0872A463-86F7-4C39-8C0E-F482BAA6D221}.Release|x64.ActiveCfg = Release|x64
		{0872A463-86F7-4C39-8C0E-F482BAA6D221}.Release|x64.Build.0 = Release|x64
		{0872A463-86F7-4C39-8C0E-F482BAA6D221}.Release|x64.Deploy.0 = Release|x64
		{0872A463-86F7-4C39-8C0E-F482BAA6D221}.Release|x86.ActiveCfg = Release|x86
		{0872A463-86F7-4C39-8C0E-F482BAA6D221}.Release|x86.Build.0 = Release|x86
		{0872A463-86F7-4C39-8C0E-F482BAA6D221}.Release|x86.Deploy.0 = Release|x86
		{D8AB738C-BE20-42EE-B18B-285D64DE1AE7}.Debug|Any CPU.ActiveCfg = Debug|Any CPU
		{D8AB738C-BE20-42EE-B18B-285D64DE1AE7}.Debug|Any CPU.Build.0 = Debug|Any CPU
		{D8AB738C-BE20-42EE-B18B-285D64DE1AE7}.Debug|Any CPU.Deploy.0 = Debug|Any CPU
		{D8AB738C-BE20-42EE-B18B-285D64DE1AE7}.Debug|ARM.ActiveCfg = Debug|Any CPU
		{D8AB738C-BE20-42EE-B18B-285D64DE1AE7}.Debug|ARM.Build.0 = Debug|Any CPU
		{D8AB738C-BE20-42EE-B18B-285D64DE1AE7}.Debug|ARM.Deploy.0 = Debug|Any CPU
		{D8AB738C-BE20-42EE-B18B-285D64DE1AE7}.Debug|iPhone.ActiveCfg = Debug|Any CPU
		{D8AB738C-BE20-42EE-B18B-285D64DE1AE7}.Debug|iPhone.Build.0 = Debug|Any CPU
		{D8AB738C-BE20-42EE-B18B-285D64DE1AE7}.Debug|iPhone.Deploy.0 = Debug|Any CPU
		{D8AB738C-BE20-42EE-B18B-285D64DE1AE7}.Debug|iPhoneSimulator.ActiveCfg = Debug|Any CPU
		{D8AB738C-BE20-42EE-B18B-285D64DE1AE7}.Debug|iPhoneSimulator.Build.0 = Debug|Any CPU
		{D8AB738C-BE20-42EE-B18B-285D64DE1AE7}.Debug|iPhoneSimulator.Deploy.0 = Debug|Any CPU
		{D8AB738C-BE20-42EE-B18B-285D64DE1AE7}.Debug|x64.ActiveCfg = Debug|Any CPU
		{D8AB738C-BE20-42EE-B18B-285D64DE1AE7}.Debug|x64.Build.0 = Debug|Any CPU
		{D8AB738C-BE20-42EE-B18B-285D64DE1AE7}.Debug|x64.Deploy.0 = Debug|Any CPU
		{D8AB738C-BE20-42EE-B18B-285D64DE1AE7}.Debug|x86.ActiveCfg = Debug|Any CPU
		{D8AB738C-BE20-42EE-B18B-285D64DE1AE7}.Debug|x86.Build.0 = Debug|Any CPU
		{D8AB738C-BE20-42EE-B18B-285D64DE1AE7}.Debug|x86.Deploy.0 = Debug|Any CPU
		{D8AB738C-BE20-42EE-B18B-285D64DE1AE7}.Release|Any CPU.ActiveCfg = Release|Any CPU
		{D8AB738C-BE20-42EE-B18B-285D64DE1AE7}.Release|Any CPU.Build.0 = Release|Any CPU
		{D8AB738C-BE20-42EE-B18B-285D64DE1AE7}.Release|Any CPU.Deploy.0 = Release|Any CPU
		{D8AB738C-BE20-42EE-B18B-285D64DE1AE7}.Release|ARM.ActiveCfg = Release|Any CPU
		{D8AB738C-BE20-42EE-B18B-285D64DE1AE7}.Release|ARM.Build.0 = Release|Any CPU
		{D8AB738C-BE20-42EE-B18B-285D64DE1AE7}.Release|ARM.Deploy.0 = Release|Any CPU
		{D8AB738C-BE20-42EE-B18B-285D64DE1AE7}.Release|iPhone.ActiveCfg = Release|Any CPU
		{D8AB738C-BE20-42EE-B18B-285D64DE1AE7}.Release|iPhone.Build.0 = Release|Any CPU
		{D8AB738C-BE20-42EE-B18B-285D64DE1AE7}.Release|iPhone.Deploy.0 = Release|Any CPU
		{D8AB738C-BE20-42EE-B18B-285D64DE1AE7}.Release|iPhoneSimulator.ActiveCfg = Release|Any CPU
		{D8AB738C-BE20-42EE-B18B-285D64DE1AE7}.Release|iPhoneSimulator.Build.0 = Release|Any CPU
		{D8AB738C-BE20-42EE-B18B-285D64DE1AE7}.Release|iPhoneSimulator.Deploy.0 = Release|Any CPU
		{D8AB738C-BE20-42EE-B18B-285D64DE1AE7}.Release|x64.ActiveCfg = Release|Any CPU
		{D8AB738C-BE20-42EE-B18B-285D64DE1AE7}.Release|x64.Build.0 = Release|Any CPU
		{D8AB738C-BE20-42EE-B18B-285D64DE1AE7}.Release|x64.Deploy.0 = Release|Any CPU
		{D8AB738C-BE20-42EE-B18B-285D64DE1AE7}.Release|x86.ActiveCfg = Release|Any CPU
		{D8AB738C-BE20-42EE-B18B-285D64DE1AE7}.Release|x86.Build.0 = Release|Any CPU
		{D8AB738C-BE20-42EE-B18B-285D64DE1AE7}.Release|x86.Deploy.0 = Release|Any CPU
		{5B50CBB1-25A5-458A-8791-0B0B947A6BA8}.Debug|Any CPU.ActiveCfg = Debug|iPhone
		{5B50CBB1-25A5-458A-8791-0B0B947A6BA8}.Debug|Any CPU.Build.0 = Debug|iPhone
		{5B50CBB1-25A5-458A-8791-0B0B947A6BA8}.Debug|Any CPU.Deploy.0 = Debug|iPhone
		{5B50CBB1-25A5-458A-8791-0B0B947A6BA8}.Debug|ARM.ActiveCfg = Debug|iPhoneSimulator
		{5B50CBB1-25A5-458A-8791-0B0B947A6BA8}.Debug|ARM.Build.0 = Debug|iPhoneSimulator
		{5B50CBB1-25A5-458A-8791-0B0B947A6BA8}.Debug|ARM.Deploy.0 = Debug|iPhoneSimulator
		{5B50CBB1-25A5-458A-8791-0B0B947A6BA8}.Debug|iPhone.ActiveCfg = Debug|iPhone
		{5B50CBB1-25A5-458A-8791-0B0B947A6BA8}.Debug|iPhone.Build.0 = Debug|iPhone
		{5B50CBB1-25A5-458A-8791-0B0B947A6BA8}.Debug|iPhone.Deploy.0 = Debug|iPhone
		{5B50CBB1-25A5-458A-8791-0B0B947A6BA8}.Debug|iPhoneSimulator.ActiveCfg = Debug|iPhoneSimulator
		{5B50CBB1-25A5-458A-8791-0B0B947A6BA8}.Debug|iPhoneSimulator.Build.0 = Debug|iPhoneSimulator
		{5B50CBB1-25A5-458A-8791-0B0B947A6BA8}.Debug|iPhoneSimulator.Deploy.0 = Debug|iPhoneSimulator
		{5B50CBB1-25A5-458A-8791-0B0B947A6BA8}.Debug|x64.ActiveCfg = Debug|iPhone
		{5B50CBB1-25A5-458A-8791-0B0B947A6BA8}.Debug|x64.Build.0 = Debug|iPhone
		{5B50CBB1-25A5-458A-8791-0B0B947A6BA8}.Debug|x64.Deploy.0 = Debug|iPhone
		{5B50CBB1-25A5-458A-8791-0B0B947A6BA8}.Debug|x86.ActiveCfg = Debug|iPhone
		{5B50CBB1-25A5-458A-8791-0B0B947A6BA8}.Debug|x86.Build.0 = Debug|iPhone
		{5B50CBB1-25A5-458A-8791-0B0B947A6BA8}.Debug|x86.Deploy.0 = Debug|iPhone
		{5B50CBB1-25A5-458A-8791-0B0B947A6BA8}.Release|Any CPU.ActiveCfg = Release|iPhone
		{5B50CBB1-25A5-458A-8791-0B0B947A6BA8}.Release|Any CPU.Build.0 = Release|iPhone
		{5B50CBB1-25A5-458A-8791-0B0B947A6BA8}.Release|Any CPU.Deploy.0 = Release|iPhone
		{5B50CBB1-25A5-458A-8791-0B0B947A6BA8}.Release|ARM.ActiveCfg = Release|iPhone
		{5B50CBB1-25A5-458A-8791-0B0B947A6BA8}.Release|ARM.Build.0 = Release|iPhone
		{5B50CBB1-25A5-458A-8791-0B0B947A6BA8}.Release|ARM.Deploy.0 = Release|iPhone
		{5B50CBB1-25A5-458A-8791-0B0B947A6BA8}.Release|iPhone.ActiveCfg = Release|iPhone
		{5B50CBB1-25A5-458A-8791-0B0B947A6BA8}.Release|iPhone.Build.0 = Release|iPhone
		{5B50CBB1-25A5-458A-8791-0B0B947A6BA8}.Release|iPhone.Deploy.0 = Release|iPhone
		{5B50CBB1-25A5-458A-8791-0B0B947A6BA8}.Release|iPhoneSimulator.ActiveCfg = Release|iPhoneSimulator
		{5B50CBB1-25A5-458A-8791-0B0B947A6BA8}.Release|iPhoneSimulator.Build.0 = Release|iPhoneSimulator
		{5B50CBB1-25A5-458A-8791-0B0B947A6BA8}.Release|iPhoneSimulator.Deploy.0 = Release|iPhoneSimulator
		{5B50CBB1-25A5-458A-8791-0B0B947A6BA8}.Release|x64.ActiveCfg = Release|iPhone
		{5B50CBB1-25A5-458A-8791-0B0B947A6BA8}.Release|x64.Build.0 = Release|iPhone
		{5B50CBB1-25A5-458A-8791-0B0B947A6BA8}.Release|x64.Deploy.0 = Release|iPhone
		{5B50CBB1-25A5-458A-8791-0B0B947A6BA8}.Release|x86.ActiveCfg = Release|iPhone
		{5B50CBB1-25A5-458A-8791-0B0B947A6BA8}.Release|x86.Build.0 = Release|iPhone
		{5B50CBB1-25A5-458A-8791-0B0B947A6BA8}.Release|x86.Deploy.0 = Release|iPhone
		{E9299B20-1B35-463F-918A-FF84C5CD0B9F}.Debug|Any CPU.ActiveCfg = Debug|Any CPU
		{E9299B20-1B35-463F-918A-FF84C5CD0B9F}.Debug|Any CPU.Build.0 = Debug|Any CPU
		{E9299B20-1B35-463F-918A-FF84C5CD0B9F}.Debug|Any CPU.Deploy.0 = Debug|Any CPU
		{E9299B20-1B35-463F-918A-FF84C5CD0B9F}.Debug|ARM.ActiveCfg = Debug|Any CPU
		{E9299B20-1B35-463F-918A-FF84C5CD0B9F}.Debug|ARM.Build.0 = Debug|Any CPU
		{E9299B20-1B35-463F-918A-FF84C5CD0B9F}.Debug|ARM.Deploy.0 = Debug|Any CPU
		{E9299B20-1B35-463F-918A-FF84C5CD0B9F}.Debug|iPhone.ActiveCfg = Debug|Any CPU
		{E9299B20-1B35-463F-918A-FF84C5CD0B9F}.Debug|iPhone.Build.0 = Debug|Any CPU
		{E9299B20-1B35-463F-918A-FF84C5CD0B9F}.Debug|iPhone.Deploy.0 = Debug|Any CPU
		{E9299B20-1B35-463F-918A-FF84C5CD0B9F}.Debug|iPhoneSimulator.ActiveCfg = Debug|Any CPU
		{E9299B20-1B35-463F-918A-FF84C5CD0B9F}.Debug|iPhoneSimulator.Build.0 = Debug|Any CPU
		{E9299B20-1B35-463F-918A-FF84C5CD0B9F}.Debug|iPhoneSimulator.Deploy.0 = Debug|Any CPU
		{E9299B20-1B35-463F-918A-FF84C5CD0B9F}.Debug|x64.ActiveCfg = Debug|Any CPU
		{E9299B20-1B35-463F-918A-FF84C5CD0B9F}.Debug|x64.Build.0 = Debug|Any CPU
		{E9299B20-1B35-463F-918A-FF84C5CD0B9F}.Debug|x64.Deploy.0 = Debug|Any CPU
		{E9299B20-1B35-463F-918A-FF84C5CD0B9F}.Debug|x86.ActiveCfg = Debug|Any CPU
		{E9299B20-1B35-463F-918A-FF84C5CD0B9F}.Debug|x86.Build.0 = Debug|Any CPU
		{E9299B20-1B35-463F-918A-FF84C5CD0B9F}.Debug|x86.Deploy.0 = Debug|Any CPU
		{E9299B20-1B35-463F-918A-FF84C5CD0B9F}.Release|Any CPU.ActiveCfg = Release|Any CPU
		{E9299B20-1B35-463F-918A-FF84C5CD0B9F}.Release|Any CPU.Build.0 = Release|Any CPU
		{E9299B20-1B35-463F-918A-FF84C5CD0B9F}.Release|Any CPU.Deploy.0 = Release|Any CPU
		{E9299B20-1B35-463F-918A-FF84C5CD0B9F}.Release|ARM.ActiveCfg = Release|Any CPU
		{E9299B20-1B35-463F-918A-FF84C5CD0B9F}.Release|ARM.Build.0 = Release|Any CPU
		{E9299B20-1B35-463F-918A-FF84C5CD0B9F}.Release|ARM.Deploy.0 = Release|Any CPU
		{E9299B20-1B35-463F-918A-FF84C5CD0B9F}.Release|iPhone.ActiveCfg = Release|Any CPU
		{E9299B20-1B35-463F-918A-FF84C5CD0B9F}.Release|iPhone.Build.0 = Release|Any CPU
		{E9299B20-1B35-463F-918A-FF84C5CD0B9F}.Release|iPhone.Deploy.0 = Release|Any CPU
		{E9299B20-1B35-463F-918A-FF84C5CD0B9F}.Release|iPhoneSimulator.ActiveCfg = Release|Any CPU
		{E9299B20-1B35-463F-918A-FF84C5CD0B9F}.Release|iPhoneSimulator.Build.0 = Release|Any CPU
		{E9299B20-1B35-463F-918A-FF84C5CD0B9F}.Release|iPhoneSimulator.Deploy.0 = Release|Any CPU
		{E9299B20-1B35-463F-918A-FF84C5CD0B9F}.Release|x64.ActiveCfg = Release|Any CPU
		{E9299B20-1B35-463F-918A-FF84C5CD0B9F}.Release|x64.Build.0 = Release|Any CPU
		{E9299B20-1B35-463F-918A-FF84C5CD0B9F}.Release|x64.Deploy.0 = Release|Any CPU
		{E9299B20-1B35-463F-918A-FF84C5CD0B9F}.Release|x86.ActiveCfg = Release|Any CPU
		{E9299B20-1B35-463F-918A-FF84C5CD0B9F}.Release|x86.Build.0 = Release|Any CPU
		{E9299B20-1B35-463F-918A-FF84C5CD0B9F}.Release|x86.Deploy.0 = Release|Any CPU
		{1504F2B0-27AC-4213-B03D-ED6DF1D68B72}.Debug|Any CPU.ActiveCfg = Debug|Any CPU
		{1504F2B0-27AC-4213-B03D-ED6DF1D68B72}.Debug|Any CPU.Build.0 = Debug|Any CPU
		{1504F2B0-27AC-4213-B03D-ED6DF1D68B72}.Debug|ARM.ActiveCfg = Debug|Any CPU
		{1504F2B0-27AC-4213-B03D-ED6DF1D68B72}.Debug|ARM.Build.0 = Debug|Any CPU
		{1504F2B0-27AC-4213-B03D-ED6DF1D68B72}.Debug|iPhone.ActiveCfg = Debug|Any CPU
		{1504F2B0-27AC-4213-B03D-ED6DF1D68B72}.Debug|iPhone.Build.0 = Debug|Any CPU
		{1504F2B0-27AC-4213-B03D-ED6DF1D68B72}.Debug|iPhoneSimulator.ActiveCfg = Debug|Any CPU
		{1504F2B0-27AC-4213-B03D-ED6DF1D68B72}.Debug|iPhoneSimulator.Build.0 = Debug|Any CPU
		{1504F2B0-27AC-4213-B03D-ED6DF1D68B72}.Debug|x64.ActiveCfg = Debug|Any CPU
		{1504F2B0-27AC-4213-B03D-ED6DF1D68B72}.Debug|x64.Build.0 = Debug|Any CPU
		{1504F2B0-27AC-4213-B03D-ED6DF1D68B72}.Debug|x86.ActiveCfg = Debug|Any CPU
		{1504F2B0-27AC-4213-B03D-ED6DF1D68B72}.Debug|x86.Build.0 = Debug|Any CPU
		{1504F2B0-27AC-4213-B03D-ED6DF1D68B72}.Release|Any CPU.ActiveCfg = Release|Any CPU
		{1504F2B0-27AC-4213-B03D-ED6DF1D68B72}.Release|Any CPU.Build.0 = Release|Any CPU
		{1504F2B0-27AC-4213-B03D-ED6DF1D68B72}.Release|ARM.ActiveCfg = Release|Any CPU
		{1504F2B0-27AC-4213-B03D-ED6DF1D68B72}.Release|ARM.Build.0 = Release|Any CPU
		{1504F2B0-27AC-4213-B03D-ED6DF1D68B72}.Release|iPhone.ActiveCfg = Release|Any CPU
		{1504F2B0-27AC-4213-B03D-ED6DF1D68B72}.Release|iPhone.Build.0 = Release|Any CPU
		{1504F2B0-27AC-4213-B03D-ED6DF1D68B72}.Release|iPhoneSimulator.ActiveCfg = Release|Any CPU
		{1504F2B0-27AC-4213-B03D-ED6DF1D68B72}.Release|iPhoneSimulator.Build.0 = Release|Any CPU
		{1504F2B0-27AC-4213-B03D-ED6DF1D68B72}.Release|x64.ActiveCfg = Release|Any CPU
		{1504F2B0-27AC-4213-B03D-ED6DF1D68B72}.Release|x64.Build.0 = Release|Any CPU
		{1504F2B0-27AC-4213-B03D-ED6DF1D68B72}.Release|x86.ActiveCfg = Release|Any CPU
		{1504F2B0-27AC-4213-B03D-ED6DF1D68B72}.Release|x86.Build.0 = Release|Any CPU
		{54B21800-D630-4692-9E94-647A236FEA1B}.Debug|Any CPU.ActiveCfg = Debug|Any CPU
		{54B21800-D630-4692-9E94-647A236FEA1B}.Debug|Any CPU.Build.0 = Debug|Any CPU
		{54B21800-D630-4692-9E94-647A236FEA1B}.Debug|ARM.ActiveCfg = Debug|Any CPU
		{54B21800-D630-4692-9E94-647A236FEA1B}.Debug|ARM.Build.0 = Debug|Any CPU
		{54B21800-D630-4692-9E94-647A236FEA1B}.Debug|iPhone.ActiveCfg = Debug|Any CPU
		{54B21800-D630-4692-9E94-647A236FEA1B}.Debug|iPhone.Build.0 = Debug|Any CPU
		{54B21800-D630-4692-9E94-647A236FEA1B}.Debug|iPhoneSimulator.ActiveCfg = Debug|Any CPU
		{54B21800-D630-4692-9E94-647A236FEA1B}.Debug|iPhoneSimulator.Build.0 = Debug|Any CPU
		{54B21800-D630-4692-9E94-647A236FEA1B}.Debug|x64.ActiveCfg = Debug|Any CPU
		{54B21800-D630-4692-9E94-647A236FEA1B}.Debug|x64.Build.0 = Debug|Any CPU
		{54B21800-D630-4692-9E94-647A236FEA1B}.Debug|x86.ActiveCfg = Debug|Any CPU
		{54B21800-D630-4692-9E94-647A236FEA1B}.Debug|x86.Build.0 = Debug|Any CPU
		{54B21800-D630-4692-9E94-647A236FEA1B}.Release|Any CPU.ActiveCfg = Release|Any CPU
		{54B21800-D630-4692-9E94-647A236FEA1B}.Release|Any CPU.Build.0 = Release|Any CPU
		{54B21800-D630-4692-9E94-647A236FEA1B}.Release|ARM.ActiveCfg = Release|Any CPU
		{54B21800-D630-4692-9E94-647A236FEA1B}.Release|ARM.Build.0 = Release|Any CPU
		{54B21800-D630-4692-9E94-647A236FEA1B}.Release|iPhone.ActiveCfg = Release|Any CPU
		{54B21800-D630-4692-9E94-647A236FEA1B}.Release|iPhone.Build.0 = Release|Any CPU
		{54B21800-D630-4692-9E94-647A236FEA1B}.Release|iPhoneSimulator.ActiveCfg = Release|Any CPU
		{54B21800-D630-4692-9E94-647A236FEA1B}.Release|iPhoneSimulator.Build.0 = Release|Any CPU
		{54B21800-D630-4692-9E94-647A236FEA1B}.Release|x64.ActiveCfg = Release|Any CPU
		{54B21800-D630-4692-9E94-647A236FEA1B}.Release|x64.Build.0 = Release|Any CPU
		{54B21800-D630-4692-9E94-647A236FEA1B}.Release|x86.ActiveCfg = Release|Any CPU
		{54B21800-D630-4692-9E94-647A236FEA1B}.Release|x86.Build.0 = Release|Any CPU
		{DE6F5C38-9519-4F6F-B64A-E1A520103A91}.Debug|Any CPU.ActiveCfg = Debug|Any CPU
		{DE6F5C38-9519-4F6F-B64A-E1A520103A91}.Debug|Any CPU.Build.0 = Debug|Any CPU
		{DE6F5C38-9519-4F6F-B64A-E1A520103A91}.Debug|ARM.ActiveCfg = Debug|Any CPU
		{DE6F5C38-9519-4F6F-B64A-E1A520103A91}.Debug|ARM.Build.0 = Debug|Any CPU
		{DE6F5C38-9519-4F6F-B64A-E1A520103A91}.Debug|iPhone.ActiveCfg = Debug|Any CPU
		{DE6F5C38-9519-4F6F-B64A-E1A520103A91}.Debug|iPhone.Build.0 = Debug|Any CPU
		{DE6F5C38-9519-4F6F-B64A-E1A520103A91}.Debug|iPhoneSimulator.ActiveCfg = Debug|Any CPU
		{DE6F5C38-9519-4F6F-B64A-E1A520103A91}.Debug|iPhoneSimulator.Build.0 = Debug|Any CPU
		{DE6F5C38-9519-4F6F-B64A-E1A520103A91}.Debug|x64.ActiveCfg = Debug|Any CPU
		{DE6F5C38-9519-4F6F-B64A-E1A520103A91}.Debug|x64.Build.0 = Debug|Any CPU
		{DE6F5C38-9519-4F6F-B64A-E1A520103A91}.Debug|x86.ActiveCfg = Debug|Any CPU
		{DE6F5C38-9519-4F6F-B64A-E1A520103A91}.Debug|x86.Build.0 = Debug|Any CPU
		{DE6F5C38-9519-4F6F-B64A-E1A520103A91}.Release|Any CPU.ActiveCfg = Release|Any CPU
		{DE6F5C38-9519-4F6F-B64A-E1A520103A91}.Release|Any CPU.Build.0 = Release|Any CPU
		{DE6F5C38-9519-4F6F-B64A-E1A520103A91}.Release|ARM.ActiveCfg = Release|Any CPU
		{DE6F5C38-9519-4F6F-B64A-E1A520103A91}.Release|ARM.Build.0 = Release|Any CPU
		{DE6F5C38-9519-4F6F-B64A-E1A520103A91}.Release|iPhone.ActiveCfg = Release|Any CPU
		{DE6F5C38-9519-4F6F-B64A-E1A520103A91}.Release|iPhone.Build.0 = Release|Any CPU
		{DE6F5C38-9519-4F6F-B64A-E1A520103A91}.Release|iPhoneSimulator.ActiveCfg = Release|Any CPU
		{DE6F5C38-9519-4F6F-B64A-E1A520103A91}.Release|iPhoneSimulator.Build.0 = Release|Any CPU
		{DE6F5C38-9519-4F6F-B64A-E1A520103A91}.Release|x64.ActiveCfg = Release|Any CPU
		{DE6F5C38-9519-4F6F-B64A-E1A520103A91}.Release|x64.Build.0 = Release|Any CPU
		{DE6F5C38-9519-4F6F-B64A-E1A520103A91}.Release|x86.ActiveCfg = Release|Any CPU
		{DE6F5C38-9519-4F6F-B64A-E1A520103A91}.Release|x86.Build.0 = Release|Any CPU
		{9F2FB3B6-7C79-4771-BD9D-9D5434352A2B}.Debug|Any CPU.ActiveCfg = Debug|Any CPU
		{9F2FB3B6-7C79-4771-BD9D-9D5434352A2B}.Debug|Any CPU.Build.0 = Debug|Any CPU
		{9F2FB3B6-7C79-4771-BD9D-9D5434352A2B}.Debug|ARM.ActiveCfg = Debug|Any CPU
		{9F2FB3B6-7C79-4771-BD9D-9D5434352A2B}.Debug|ARM.Build.0 = Debug|Any CPU
		{9F2FB3B6-7C79-4771-BD9D-9D5434352A2B}.Debug|iPhone.ActiveCfg = Debug|Any CPU
		{9F2FB3B6-7C79-4771-BD9D-9D5434352A2B}.Debug|iPhone.Build.0 = Debug|Any CPU
		{9F2FB3B6-7C79-4771-BD9D-9D5434352A2B}.Debug|iPhoneSimulator.ActiveCfg = Debug|Any CPU
		{9F2FB3B6-7C79-4771-BD9D-9D5434352A2B}.Debug|iPhoneSimulator.Build.0 = Debug|Any CPU
		{9F2FB3B6-7C79-4771-BD9D-9D5434352A2B}.Debug|x64.ActiveCfg = Debug|Any CPU
		{9F2FB3B6-7C79-4771-BD9D-9D5434352A2B}.Debug|x64.Build.0 = Debug|Any CPU
		{9F2FB3B6-7C79-4771-BD9D-9D5434352A2B}.Debug|x86.ActiveCfg = Debug|Any CPU
		{9F2FB3B6-7C79-4771-BD9D-9D5434352A2B}.Debug|x86.Build.0 = Debug|Any CPU
		{9F2FB3B6-7C79-4771-BD9D-9D5434352A2B}.Release|Any CPU.ActiveCfg = Release|Any CPU
		{9F2FB3B6-7C79-4771-BD9D-9D5434352A2B}.Release|Any CPU.Build.0 = Release|Any CPU
		{9F2FB3B6-7C79-4771-BD9D-9D5434352A2B}.Release|ARM.ActiveCfg = Release|Any CPU
		{9F2FB3B6-7C79-4771-BD9D-9D5434352A2B}.Release|ARM.Build.0 = Release|Any CPU
		{9F2FB3B6-7C79-4771-BD9D-9D5434352A2B}.Release|iPhone.ActiveCfg = Release|Any CPU
		{9F2FB3B6-7C79-4771-BD9D-9D5434352A2B}.Release|iPhone.Build.0 = Release|Any CPU
		{9F2FB3B6-7C79-4771-BD9D-9D5434352A2B}.Release|iPhoneSimulator.ActiveCfg = Release|Any CPU
		{9F2FB3B6-7C79-4771-BD9D-9D5434352A2B}.Release|iPhoneSimulator.Build.0 = Release|Any CPU
		{9F2FB3B6-7C79-4771-BD9D-9D5434352A2B}.Release|x64.ActiveCfg = Release|Any CPU
		{9F2FB3B6-7C79-4771-BD9D-9D5434352A2B}.Release|x64.Build.0 = Release|Any CPU
		{9F2FB3B6-7C79-4771-BD9D-9D5434352A2B}.Release|x86.ActiveCfg = Release|Any CPU
		{9F2FB3B6-7C79-4771-BD9D-9D5434352A2B}.Release|x86.Build.0 = Release|Any CPU
	EndGlobalSection
	GlobalSection(SolutionProperties) = preSolution
		HideSolutionNode = FALSE
	EndGlobalSection
	GlobalSection(ExtensibilityGlobals) = postSolution
		SolutionGuid = {CCF30EC6-E459-4909-9BB6-33612C4553AD}
	EndGlobalSection
EndGlobal
